
Microsoft Visual Studio Solution File, Format Version 12.00
# Visual Studio Version 17
VisualStudioVersion = 17.0.31903.59
MinimumVisualStudioVersion = 10.0.40219.1
Project("{FAE04EC0-301F-11D3-BF4B-00C04F79EFBC}") = "BZKQuerySystem.Web", "BZKQuerySystem.Web\BZKQuerySystem.Web.csproj", "{AB3DB5B0-68F5-412B-AF24-24437BE4B549}"
EndProject
Project("{FAE04EC0-301F-11D3-BF4B-00C04F79EFBC}") = "BZKQuerySystem.DataAccess", "BZKQuerySystem.DataAccess\BZKQuerySystem.DataAccess.csproj", "{82645975-E9C8-45EF-8140-13A4922F524F}"
EndProject
Project("{FAE04EC0-301F-11D3-BF4B-00C04F79EFBC}") = "BZKQuerySystem.Services", "BZKQuerySystem.Services\BZKQuerySystem.Services.csproj", "{46AA94DC-C51E-4FDD-8C93-4D4AB67B4385}"
EndProject
Global
	GlobalSection(SolutionConfigurationPlatforms) = preSolution
		Debug|Any CPU = Debug|Any CPU
		Release|Any CPU = Release|Any CPU
	EndGlobalSection
	GlobalSection(SolutionProperties) = preSolution
		HideSolutionNode = FALSE
	EndGlobalSection
	GlobalSection(ProjectConfigurationPlatforms) = postSolution
		{AB3DB5B0-68F5-412B-AF24-24437BE4B549}.Debug|Any CPU.ActiveCfg = Debug|Any CPU
		{AB3DB5B0-68F5-412B-AF24-24437BE4B549}.Debug|Any CPU.Build.0 = Debug|Any CPU
		{AB3DB5B0-68F5-412B-AF24-24437BE4B549}.Release|Any CPU.ActiveCfg = Release|Any CPU
		{AB3DB5B0-68F5-412B-AF24-24437BE4B549}.Release|Any CPU.Build.0 = Release|Any CPU
		{82645975-E9C8-45EF-8140-13A4922F524F}.Debug|Any CPU.ActiveCfg = Debug|Any CPU
		{82645975-E9C8-45EF-8140-13A4922F524F}.Debug|Any CPU.Build.0 = Debug|Any CPU
		{82645975-E9C8-45EF-8140-13A4922F524F}.Release|Any CPU.ActiveCfg = Release|Any CPU
		{82645975-E9C8-45EF-8140-13A4922F524F}.Release|Any CPU.Build.0 = Release|Any CPU
		{46AA94DC-C51E-4FDD-8C93-4D4AB67B4385}.Debug|Any CPU.ActiveCfg = Debug|Any CPU
		{46AA94DC-C51E-4FDD-8C93-4D4AB67B4385}.Debug|Any CPU.Build.0 = Debug|Any CPU
		{46AA94DC-C51E-4FDD-8C93-4D4AB67B4385}.Release|Any CPU.ActiveCfg = Release|Any CPU
		{46AA94DC-C51E-4FDD-8C93-4D4AB67B4385}.Release|Any CPU.Build.0 = Release|Any CPU
	EndGlobalSection
EndGlobal
